{
  "name": "greeter",
  "version": "1.0.0",
  "lockfileVersion": 1,
  "requires": true,
  "dependencies": {
    "appolo": {
      "version": "6.0.48",
      "resolved": "https://registry.npmjs.org/appolo/-/appolo-6.0.48.tgz",
      "integrity": "sha512-nZTfmZ99L0eZbb98Nk56ZUUyo2Xs186rJhEC5DTzmKbpp7TH11dcUi+0yuSn+gzIKmYP5cFvsRbBx1QJQmdecQ==",
      "requires": {
        "appolo-agent": "6.0.16",
        "appolo-context": "6.0.7",
        "appolo-engine": "6.0.50",
        "bluebird": "3.5.3",
        "joi": "13.7.0",
        "lodash": "4.17.11",
        "tslib": "1.9.3"
      }
    },
    "appolo-agent": {
      "version": "6.0.16",
      "resolved": "https://registry.npmjs.org/appolo-agent/-/appolo-agent-6.0.16.tgz",
      "integrity": "sha512-YsKTPTF0YQuuU1A0iUIQO/OT3Z0yWUPwJFlOCEmPFucCzDHXDt65GosQh0XfgWk3VPPsr6ZoucLI0MUavalXfg==",
      "requires": {
        "appolo-cache": "6.0.4",
        "appolo-event-dispatcher": "6.0.7",
        "appolo-route": "6.0.2",
        "bluebird": "3.5.3",
        "cookie": "0.3.1",
        "lodash": "4.17.11",
        "qs": "6.6.0",
        "tslib": "1.9.3",
        "type-is": "1.6.16"
      }
    },
    "appolo-cache": {
      "version": "6.0.4",
      "resolved": "https://registry.npmjs.org/appolo-cache/-/appolo-cache-6.0.4.tgz",
      "integrity": "sha512-6eBqx2I54gSTljTmREDbkzp8N19kYt7yFakyDMWDaPfqd3wfLbpnwsCz8KdZQsK3VP/XLUwTDCP74j/HX8cUQw=="
    },
    "appolo-context": {
      "version": "6.0.7",
      "resolved": "https://registry.npmjs.org/appolo-context/-/appolo-context-6.0.7.tgz",
      "integrity": "sha512-7XL5U+WtWA4VkiizXp5+EBDuZ9vHnYGDT8LpI5QTtd1fr8Vh6yIgC/iQAZVDt9x+c6kv0oEBm9qlPQs7tnUUPg=="
    },
    "appolo-decorators": {
      "version": "6.0.10",
      "resolved": "https://registry.npmjs.org/appolo-decorators/-/appolo-decorators-6.0.10.tgz",
      "integrity": "sha512-Df/Ee+Cph2P2KGEzCErKqnPSFQ70zFtQNxjyCyS7gf3+lTI0kIDYGjm4wblhi/2PLUCs6KleOgXASe3HwQv84w==",
      "requires": {
        "appolo-cache": "6.0.4",
        "lodash": "4.17.11",
        "reflect-metadata": "0.1.12"
      }
    },
    "appolo-engine": {
      "version": "6.0.50",
      "resolved": "https://registry.npmjs.org/appolo-engine/-/appolo-engine-6.0.50.tgz",
      "integrity": "sha512-RoIfiaNyd6iQllR2CkSMxmRIbA4UwKoijBadO1Y9MTSa+1AEAgGwKRuS33eqOAUVcB3T7es5IrZF6eM9GrU1XQ==",
      "requires": {
        "appolo-cache": "6.0.4",
        "appolo-decorators": "6.0.10",
        "appolo-event-dispatcher": "6.0.7",
        "appolo-inject": "6.0.17",
        "bluebird": "3.5.3",
        "lodash": "4.17.11",
        "tslib": "1.9.3"
      }
    },
    "appolo-event-dispatcher": {
      "version": "6.0.7",
      "resolved": "https://registry.npmjs.org/appolo-event-dispatcher/-/appolo-event-dispatcher-6.0.7.tgz",
      "integrity": "sha512-RfT6MnU7bfcIi4GImY4NPEpvpm6lMEp4uGmrjUEGVGY2k3v/hV4+U4AKjG6JsDJxy2rX9nONKbiDkQFWmno4oA=="
    },
    "appolo-inject": {
      "version": "6.0.17",
      "resolved": "https://registry.npmjs.org/appolo-inject/-/appolo-inject-6.0.17.tgz",
      "integrity": "sha512-nBevZDNOJldM1pPaP2lCcz4ld21AnczXz76SeIdfILqzBwbqwEocVjo3JSKXiDIG47IuNQcs8hbmOyrm6OtYCg==",
      "requires": {
        "lodash": "4.17.11",
        "reflect-metadata": "0.1.12",
        "tslib": "1.9.3"
      }
    },
    "appolo-route": {
      "version": "6.0.2",
      "resolved": "https://registry.npmjs.org/appolo-route/-/appolo-route-6.0.2.tgz",
      "integrity": "sha512-a1uJRHwqdc5qofqyYxviitWDsfpTxAzxxQDa1VpGMxSF/nQXseemLunErNgLtWubVIVoM1shKp2EKJCvxXqFKA==",
      "requires": {
        "appolo-cache": "6.0.4",
        "lodash": "4.17.11",
        "path-to-regexp": "2.4.0"
      }
    },
    "bluebird": {
      "version": "3.5.3",
      "resolved": "https://registry.npmjs.org/bluebird/-/bluebird-3.5.3.tgz",
      "integrity": "sha512-/qKPUQlaW1OyR51WeCPBvRnAlnZFUJkCSG5HzGnuIqhgyJtF+T94lFnn33eiazjRm2LAHVy2guNnaq48X9SJuw=="
    },
    "cookie": {
      "version": "0.3.1",
      "resolved": "https://registry.npmjs.org/cookie/-/cookie-0.3.1.tgz",
      "integrity": "sha1-5+Ch+e9DtMi6klxcWpboBtFoc7s="
    },
    "hoek": {
      "version": "5.0.4",
      "resolved": "https://registry.npmjs.org/hoek/-/hoek-5.0.4.tgz",
      "integrity": "sha512-Alr4ZQgoMlnere5FZJsIyfIjORBqZll5POhDsF4q64dPuJR6rNxXdDxtHSQq8OXRurhmx+PWYEE8bXRROY8h0w=="
    },
    "isemail": {
      "version": "3.2.0",
      "resolved": "https://registry.npmjs.org/isemail/-/isemail-3.2.0.tgz",
      "integrity": "sha512-zKqkK+O+dGqevc93KNsbZ/TqTUFd46MwWjYOoMrjIMZ51eU7DtQG3Wmd9SQQT7i7RVnuTPEiYEWHU3MSbxC1Tg==",
      "requires": {
        "punycode": "2.1.1"
      }
    },
    "joi": {
      "version": "13.7.0",
      "resolved": "https://registry.npmjs.org/joi/-/joi-13.7.0.tgz",
      "integrity": "sha512-xuY5VkHfeOYK3Hdi91ulocfuFopwgbSORmIwzcwHKESQhC7w1kD5jaVSPnqDxS2I8t3RZ9omCKAxNwXN5zG1/Q==",
      "requires": {
        "hoek": "5.0.4",
        "isemail": "3.2.0",
        "topo": "3.0.3"
      }
    },
    "lodash": {
      "version": "4.17.11",
      "resolved": "https://registry.npmjs.org/lodash/-/lodash-4.17.11.tgz",
      "integrity": "sha512-cQKh8igo5QUhZ7lg38DYWAxMvjSAKG0A8wGSVimP07SIUEK2UO+arSRKbRZWtelMtN5V0Hkwh5ryOto/SshYIg=="
    },
    "media-typer": {
      "version": "0.3.0",
      "resolved": "http://registry.npmjs.org/media-typer/-/media-typer-0.3.0.tgz",
      "integrity": "sha1-hxDXrwqmJvj/+hzgAWhUUmMlV0g="
    },
    "mime-db": {
      "version": "1.37.0",
      "resolved": "https://registry.npmjs.org/mime-db/-/mime-db-1.37.0.tgz",
      "integrity": "sha512-R3C4db6bgQhlIhPU48fUtdVmKnflq+hRdad7IyKhtFj06VPNVdk2RhiYL3UjQIlso8L+YxAtFkobT0VK+S/ybg=="
    },
    "mime-types": {
      "version": "2.1.21",
      "resolved": "https://registry.npmjs.org/mime-types/-/mime-types-2.1.21.tgz",
      "integrity": "sha512-3iL6DbwpyLzjR3xHSFNFeb9Nz/M8WDkX33t1GFQnFOllWk8pOrh/LSrB5OXlnlW5P9LH73X6loW/eogc+F5lJg==",
      "requires": {
        "mime-db": "1.37.0"
      }
    },
    "path-to-regexp": {
      "version": "2.4.0",
      "resolved": "https://registry.npmjs.org/path-to-regexp/-/path-to-regexp-2.4.0.tgz",
      "integrity": "sha512-G6zHoVqC6GGTQkZwF4lkuEyMbVOjoBKAEybQUypI1WTkqinCOrq2x6U2+phkJ1XsEMTy4LjtwPI7HW+NVrRR2w=="
    },
    "punycode": {
      "version": "2.1.1",
      "resolved": "https://registry.npmjs.org/punycode/-/punycode-2.1.1.tgz",
      "integrity": "sha512-XRsRjdf+j5ml+y/6GKHPZbrF/8p2Yga0JPtdqTIY2Xe5ohJPD9saDJJLPvp9+NSBprVvevdXZybnj2cv8OEd0A=="
    },
    "qs": {
      "version": "6.6.0",
      "resolved": "https://registry.npmjs.org/qs/-/qs-6.6.0.tgz",
      "integrity": "sha512-KIJqT9jQJDQx5h5uAVPimw6yVg2SekOKu959OCtktD3FjzbpvaPr8i4zzg07DOMz+igA4W/aNM7OV8H37pFYfA=="
    },
    "reflect-metadata": {
      "version": "0.1.12",
      "resolved": "https://registry.npmjs.org/reflect-metadata/-/reflect-metadata-0.1.12.tgz",
      "integrity": "sha512-n+IyV+nGz3+0q3/Yf1ra12KpCyi001bi4XFxSjbiWWjfqb52iTTtpGXmCCAOWWIAn9KEuFZKGqBERHmrtScZ3A=="
    },
    "topo": {
      "version": "3.0.3",
      "resolved": "https://registry.npmjs.org/topo/-/topo-3.0.3.tgz",
      "integrity": "sha512-IgpPtvD4kjrJ7CRA3ov2FhWQADwv+Tdqbsf1ZnPUSAtCJ9e1Z44MmoSGDXGk4IppoZA7jd/QRkNddlLJWlUZsQ==",
      "requires": {
        "hoek": "6.1.2"
      },
      "dependencies": {
        "hoek": {
          "version": "6.1.2",
          "resolved": "https://registry.npmjs.org/hoek/-/hoek-6.1.2.tgz",
          "integrity": "sha512-6qhh/wahGYZHFSFw12tBbJw5fsAhhwrrG/y3Cs0YMTv2WzMnL0oLPnQJjv1QJvEfylRSOFuP+xCu+tdx0tD16Q=="
        }
      }
    },
    "tslib": {
      "version": "1.9.3",
      "resolved": "https://registry.npmjs.org/tslib/-/tslib-1.9.3.tgz",
      "integrity": "sha512-4krF8scpejhaOgqzBEcGM7yDIEfi0/8+8zDRZhNZZ2kjmHJ4hv3zCbQWxoJGz1iw5U0Jl0nma13xzHXcncMavQ=="
    },
    "type-is": {
      "version": "1.6.16",
      "resolved": "https://registry.npmjs.org/type-is/-/type-is-1.6.16.tgz",
      "integrity": "sha512-HRkVv/5qY2G6I8iab9cI7v1bOIdhm94dVjQCPFElW9W+3GeDOSHmy2EBYe4VTApuzolPcmgFTN3ftVJRKR2J9Q==",
      "requires": {
        "media-typer": "0.3.0",
        "mime-types": "2.1.21"
      }
    }
  }
}
