// !$*UTF8*$!
{
	archiveVersion = 1;
	classes = {
	};
	objectVersion = 48;
	objects = {

/* Begin PBXBuildFile section */
		2393CC060EDC8412ED119FC0 /* CoreText.framework in Frameworks */ = {isa = PBXBuildFile; fileRef = 1B05D52660E43AC9CB7C017C /* CoreText.framework */; };
		2551AEE6D5976EB83A014762 /* AssetsLibrary.framework in Frameworks */ = {isa = PBXBuildFile; fileRef = DADE6EFBA07735041FA4A08B /* AssetsLibrary.framework */; };
		34BF2302D11C97CEF3BECD6D /* SystemConfiguration.framework in Frameworks */ = {isa = PBXBuildFile; fileRef = 77E1FFA865D97B8C1B41EBDA /* SystemConfiguration.framework */; };
		46D7195F4E1F41D310A3B7FB /* CoreTelephony.framework in Frameworks */ = {isa = PBXBuildFile; fileRef = 05D60263D28DC5D72061ED2B /* CoreTelephony.framework */; };
		4F0DD9A9D2FCA71EF83DA353 /* CoreVideo.framework in Frameworks */ = {isa = PBXBuildFile; fileRef = B43788A4BE5429E85777D84A /* CoreVideo.framework */; };
		78C72D9B328D44C70BB244F6 /* CoreMedia.framework in Frameworks */ = {isa = PBXBuildFile; fileRef = 19A821BACDEBF8D10A0ABBBF /* CoreMedia.framework */; };
		7A26407A20D2DB7400D231CA /* GreeterUITests.swift in Sources */ = {isa = PBXBuildFile; fileRef = 7A26407920D2DB7400D231CA /* GreeterUITests.swift */; };
		7A26408F20D2DB8700D231CA /* GreeterKit.framework in Frameworks */ = {isa = PBXBuildFile; fileRef = 7A26408620D2DB8700D231CA /* GreeterKit.framework */; };
		7A26409620D2DB8700D231CA /* GreeterKitTests.swift in Sources */ = {isa = PBXBuildFile; fileRef = 7A26409520D2DB8700D231CA /* GreeterKitTests.swift */; };
		7A26409820D2DB8700D231CA /* GreeterKit.h in Headers */ = {isa = PBXBuildFile; fileRef = 7A26408820D2DB8700D231CA /* GreeterKit.h */; settings = {ATTRIBUTES = (Public, ); }; };
		7A26409B20D2DB8700D231CA /* GreeterKit.framework in Frameworks */ = {isa = PBXBuildFile; fileRef = 7A26408620D2DB8700D231CA /* GreeterKit.framework */; };
		7A26409C20D2DB8700D231CA /* GreeterKit.framework in Embed Frameworks */ = {isa = PBXBuildFile; fileRef = 7A26408620D2DB8700D231CA /* GreeterKit.framework */; settings = {ATTRIBUTES = (CodeSignOnCopy, RemoveHeadersOnCopy, ); }; };
		7AF0650E2048A44300C47059 /* AppDelegate.swift in Sources */ = {isa = PBXBuildFile; fileRef = 7AF0650D2048A44300C47059 /* AppDelegate.swift */; };
		7AF065102048A44300C47059 /* ViewController.swift in Sources */ = {isa = PBXBuildFile; fileRef = 7AF0650F2048A44300C47059 /* ViewController.swift */; };
		7AF065132048A44300C47059 /* Main.storyboard in Resources */ = {isa = PBXBuildFile; fileRef = 7AF065112048A44300C47059 /* Main.storyboard */; };
		7AF065152048A44300C47059 /* Assets.xcassets in Resources */ = {isa = PBXBuildFile; fileRef = 7AF065142048A44300C47059 /* Assets.xcassets */; };
		7AF065182048A44300C47059 /* LaunchScreen.storyboard in Resources */ = {isa = PBXBuildFile; fileRef = 7AF065162048A44300C47059 /* LaunchScreen.storyboard */; };
		7AF065232048A44400C47059 /* GreeterTests.swift in Sources */ = {isa = PBXBuildFile; fileRef = 7AF065222048A44400C47059 /* GreeterTests.swift */; };
		7AF0652E2048A45600C47059 /* Greeter.swift in Sources */ = {isa = PBXBuildFile; fileRef = 7AF0652D2048A45600C47059 /* Greeter.swift */; };
		86279B4E17E6EC609203D67F /* BuddyBuildSDK.framework in Frameworks */ = {isa = PBXBuildFile; fileRef = 052C4F7F108331C6563FBDF0 /* BuddyBuildSDK.framework */; };
		9A4F3C9EC5DBC391D066A510 /* AVFoundation.framework in Frameworks */ = {isa = PBXBuildFile; fileRef = EE98422374D75893770F02B4 /* AVFoundation.framework */; };
		D03EBB4DB8AAEB55BFCFA0A6 /* QuartzCore.framework in Frameworks */ = {isa = PBXBuildFile; fileRef = CA8426960A7EB2503ECFB131 /* QuartzCore.framework */; };
/* End PBXBuildFile section */

/* Begin PBXContainerItemProxy section */
		7A26407C20D2DB7400D231CA /* PBXContainerItemProxy */ = {
			isa = PBXContainerItemProxy;
			containerPortal = 7AF065022048A44300C47059 /* Project object */;
			proxyType = 1;
			remoteGlobalIDString = 7AF065092048A44300C47059;
			remoteInfo = Greeter;
		};
		7A26409020D2DB8700D231CA /* PBXContainerItemProxy */ = {
			isa = PBXContainerItemProxy;
			containerPortal = 7AF065022048A44300C47059 /* Project object */;
			proxyType = 1;
			remoteGlobalIDString = 7A26408520D2DB8700D231CA;
			remoteInfo = GreeterKit;
		};
		7A26409220D2DB8700D231CA /* PBXContainerItemProxy */ = {
			isa = PBXContainerItemProxy;
			containerPortal = 7AF065022048A44300C47059 /* Project object */;
			proxyType = 1;
			remoteGlobalIDString = 7AF065092048A44300C47059;
			remoteInfo = Greeter;
		};
		7A26409920D2DB8700D231CA /* PBXContainerItemProxy */ = {
			isa = PBXContainerItemProxy;
			containerPortal = 7AF065022048A44300C47059 /* Project object */;
			proxyType = 1;
			remoteGlobalIDString = 7A26408520D2DB8700D231CA;
			remoteInfo = GreeterKit;
		};
		7AF0651F2048A44400C47059 /* PBXContainerItemProxy */ = {
			isa = PBXContainerItemProxy;
			containerPortal = 7AF065022048A44300C47059 /* Project object */;
			proxyType = 1;
			remoteGlobalIDString = 7AF065092048A44300C47059;
			remoteInfo = Greeter;
		};
/* End PBXContainerItemProxy section */

/* Begin PBXCopyFilesBuildPhase section */
		7A2640A020D2DB8700D231CA /* Embed Frameworks */ = {
			isa = PBXCopyFilesBuildPhase;
			buildActionMask = 2147483647;
			dstPath = "";
			dstSubfolderSpec = 10;
			files = (
				7A26409C20D2DB8700D231CA /* GreeterKit.framework in Embed Frameworks */,
			);
			name = "Embed Frameworks";
			runOnlyForDeploymentPostprocessing = 0;
		};
/* End PBXCopyFilesBuildPhase section */

/* Begin PBXFileReference section */
		052C4F7F108331C6563FBDF0 /* BuddyBuildSDK.framework */ = {isa = PBXFileReference; lastKnownFileType = wrapper.framework; path = BuddyBuildSDK.framework; sourceTree = "<group>"; };
		05D60263D28DC5D72061ED2B /* CoreTelephony.framework */ = {isa = PBXFileReference; lastKnownFileType = wrapper.framework; name = CoreTelephony.framework; path = System/Library/Frameworks/CoreTelephony.framework; sourceTree = SDKROOT; };
		19A821BACDEBF8D10A0ABBBF /* CoreMedia.framework */ = {isa = PBXFileReference; lastKnownFileType = wrapper.framework; name = CoreMedia.framework; path = System/Library/Frameworks/CoreMedia.framework; sourceTree = SDKROOT; };
		1B05D52660E43AC9CB7C017C /* CoreText.framework */ = {isa = PBXFileReference; lastKnownFileType = wrapper.framework; name = CoreText.framework; path = System/Library/Frameworks/CoreText.framework; sourceTree = SDKROOT; };
		77E1FFA865D97B8C1B41EBDA /* SystemConfiguration.framework */ = {isa = PBXFileReference; lastKnownFileType = wrapper.framework; name = SystemConfiguration.framework; path = System/Library/Frameworks/SystemConfiguration.framework; sourceTree = SDKROOT; };
		7A26407720D2DB7400D231CA /* GreeterUITests.xctest */ = {isa = PBXFileReference; explicitFileType = wrapper.cfbundle; includeInIndex = 0; path = GreeterUITests.xctest; sourceTree = BUILT_PRODUCTS_DIR; };
		7A26407920D2DB7400D231CA /* GreeterUITests.swift */ = {isa = PBXFileReference; lastKnownFileType = sourcecode.swift; path = GreeterUITests.swift; sourceTree = "<group>"; };
		7A26407B20D2DB7400D231CA /* Info.plist */ = {isa = PBXFileReference; lastKnownFileType = text.plist.xml; path = Info.plist; sourceTree = "<group>"; };
		7A26408620D2DB8700D231CA /* GreeterKit.framework */ = {isa = PBXFileReference; explicitFileType = wrapper.framework; includeInIndex = 0; path = GreeterKit.framework; sourceTree = BUILT_PRODUCTS_DIR; };
		7A26408820D2DB8700D231CA /* GreeterKit.h */ = {isa = PBXFileReference; lastKnownFileType = sourcecode.c.h; path = GreeterKit.h; sourceTree = "<group>"; };
		7A26408920D2DB8700D231CA /* Info.plist */ = {isa = PBXFileReference; lastKnownFileType = text.plist.xml; path = Info.plist; sourceTree = "<group>"; };
		7A26408E20D2DB8700D231CA /* GreeterKitTests.xctest */ = {isa = PBXFileReference; explicitFileType = wrapper.cfbundle; includeInIndex = 0; path = GreeterKitTests.xctest; sourceTree = BUILT_PRODUCTS_DIR; };
		7A26409520D2DB8700D231CA /* GreeterKitTests.swift */ = {isa = PBXFileReference; lastKnownFileType = sourcecode.swift; path = GreeterKitTests.swift; sourceTree = "<group>"; };
		7A26409720D2DB8700D231CA /* Info.plist */ = {isa = PBXFileReference; lastKnownFileType = text.plist.xml; path = Info.plist; sourceTree = "<group>"; };
		7AF0650A2048A44300C47059 /* Greeter.app */ = {isa = PBXFileReference; explicitFileType = wrapper.application; includeInIndex = 0; path = Greeter.app; sourceTree = BUILT_PRODUCTS_DIR; };
		7AF0650D2048A44300C47059 /* AppDelegate.swift */ = {isa = PBXFileReference; lastKnownFileType = sourcecode.swift; path = AppDelegate.swift; sourceTree = "<group>"; };
		7AF0650F2048A44300C47059 /* ViewController.swift */ = {isa = PBXFileReference; lastKnownFileType = sourcecode.swift; path = ViewController.swift; sourceTree = "<group>"; };
		7AF065122048A44300C47059 /* Base */ = {isa = PBXFileReference; lastKnownFileType = file.storyboard; name = Base; path = Base.lproj/Main.storyboard; sourceTree = "<group>"; };
		7AF065142048A44300C47059 /* Assets.xcassets */ = {isa = PBXFileReference; lastKnownFileType = folder.assetcatalog; path = Assets.xcassets; sourceTree = "<group>"; };
		7AF065172048A44300C47059 /* Base */ = {isa = PBXFileReference; lastKnownFileType = file.storyboard; name = Base; path = Base.lproj/LaunchScreen.storyboard; sourceTree = "<group>"; };
		7AF065192048A44400C47059 /* Info.plist */ = {isa = PBXFileReference; lastKnownFileType = text.plist.xml; path = Info.plist; sourceTree = "<group>"; };
		7AF0651E2048A44400C47059 /* GreeterTests.xctest */ = {isa = PBXFileReference; explicitFileType = wrapper.cfbundle; includeInIndex = 0; path = GreeterTests.xctest; sourceTree = BUILT_PRODUCTS_DIR; };
		7AF065222048A44400C47059 /* GreeterTests.swift */ = {isa = PBXFileReference; lastKnownFileType = sourcecode.swift; path = GreeterTests.swift; sourceTree = "<group>"; };
		7AF065242048A44400C47059 /* Info.plist */ = {isa = PBXFileReference; lastKnownFileType = text.plist.xml; path = Info.plist; sourceTree = "<group>"; };
		7AF0652D2048A45600C47059 /* Greeter.swift */ = {isa = PBXFileReference; fileEncoding = 4; lastKnownFileType = sourcecode.swift; path = Greeter.swift; sourceTree = "<group>"; };
		B43788A4BE5429E85777D84A /* CoreVideo.framework */ = {isa = PBXFileReference; lastKnownFileType = wrapper.framework; name = CoreVideo.framework; path = System/Library/Frameworks/CoreVideo.framework; sourceTree = SDKROOT; };
		CA8426960A7EB2503ECFB131 /* QuartzCore.framework */ = {isa = PBXFileReference; lastKnownFileType = wrapper.framework; name = QuartzCore.framework; path = System/Library/Frameworks/QuartzCore.framework; sourceTree = SDKROOT; };
		D4CD93BF198A507D9960DC3A /* Bridging-Header.h */ = {isa = PBXFileReference; includeInIndex = 1; lastKnownFileType = sourcecode.c.h; path = "Bridging-Header.h"; sourceTree = "<group>"; };
		DADE6EFBA07735041FA4A08B /* AssetsLibrary.framework */ = {isa = PBXFileReference; lastKnownFileType = wrapper.framework; name = AssetsLibrary.framework; path = System/Library/Frameworks/AssetsLibrary.framework; sourceTree = SDKROOT; };
		EE98422374D75893770F02B4 /* AVFoundation.framework */ = {isa = PBXFileReference; lastKnownFileType = wrapper.framework; name = AVFoundation.framework; path = System/Library/Frameworks/AVFoundation.framework; sourceTree = SDKROOT; };
/* End PBXFileReference section */

/* Begin PBXFrameworksBuildPhase section */
		7A26407420D2DB7400D231CA /* Frameworks */ = {
			isa = PBXFrameworksBuildPhase;
			buildActionMask = 2147483647;
			files = (
			);
			runOnlyForDeploymentPostprocessing = 0;
		};
		7A26408220D2DB8700D231CA /* Frameworks */ = {
			isa = PBXFrameworksBuildPhase;
			buildActionMask = 2147483647;
			files = (
			);
			runOnlyForDeploymentPostprocessing = 0;
		};
		7A26408B20D2DB8700D231CA /* Frameworks */ = {
			isa = PBXFrameworksBuildPhase;
			buildActionMask = 2147483647;
			files = (
				7A26408F20D2DB8700D231CA /* GreeterKit.framework in Frameworks */,
			);
			runOnlyForDeploymentPostprocessing = 0;
		};
		7AF065072048A44300C47059 /* Frameworks */ = {
			isa = PBXFrameworksBuildPhase;
			buildActionMask = 2147483647;
			files = (
				7A26409B20D2DB8700D231CA /* GreeterKit.framework in Frameworks */,
				86279B4E17E6EC609203D67F /* BuddyBuildSDK.framework in Frameworks */,
				2551AEE6D5976EB83A014762 /* AssetsLibrary.framework in Frameworks */,
				2393CC060EDC8412ED119FC0 /* CoreText.framework in Frameworks */,
				46D7195F4E1F41D310A3B7FB /* CoreTelephony.framework in Frameworks */,
				34BF2302D11C97CEF3BECD6D /* SystemConfiguration.framework in Frameworks */,
				D03EBB4DB8AAEB55BFCFA0A6 /* QuartzCore.framework in Frameworks */,
				9A4F3C9EC5DBC391D066A510 /* AVFoundation.framework in Frameworks */,
				78C72D9B328D44C70BB244F6 /* CoreMedia.framework in Frameworks */,
				4F0DD9A9D2FCA71EF83DA353 /* CoreVideo.framework in Frameworks */,
			);
			runOnlyForDeploymentPostprocessing = 0;
		};
		7AF0651B2048A44400C47059 /* Frameworks */ = {
			isa = PBXFrameworksBuildPhase;
			buildActionMask = 2147483647;
			files = (
			);
			runOnlyForDeploymentPostprocessing = 0;
		};
/* End PBXFrameworksBuildPhase section */

/* Begin PBXGroup section */
		5DEC364F78DF9EEF2E90658A /* Frameworks */ = {
			isa = PBXGroup;
			children = (
				052C4F7F108331C6563FBDF0 /* BuddyBuildSDK.framework */,
				DADE6EFBA07735041FA4A08B /* AssetsLibrary.framework */,
				1B05D52660E43AC9CB7C017C /* CoreText.framework */,
				05D60263D28DC5D72061ED2B /* CoreTelephony.framework */,
				77E1FFA865D97B8C1B41EBDA /* SystemConfiguration.framework */,
				CA8426960A7EB2503ECFB131 /* QuartzCore.framework */,
				EE98422374D75893770F02B4 /* AVFoundation.framework */,
				19A821BACDEBF8D10A0ABBBF /* CoreMedia.framework */,
				B43788A4BE5429E85777D84A /* CoreVideo.framework */,
			);
			name = Frameworks;
			sourceTree = "<group>";
		};
		7A26407820D2DB7400D231CA /* GreeterUITests */ = {
			isa = PBXGroup;
			children = (
				7A26407920D2DB7400D231CA /* GreeterUITests.swift */,
				7A26407B20D2DB7400D231CA /* Info.plist */,
			);
			path = GreeterUITests;
			sourceTree = "<group>";
		};
		7A26408720D2DB8700D231CA /* GreeterKit */ = {
			isa = PBXGroup;
			children = (
				7A26408820D2DB8700D231CA /* GreeterKit.h */,
				7A26408920D2DB8700D231CA /* Info.plist */,
			);
			path = GreeterKit;
			sourceTree = "<group>";
		};
		7A26409420D2DB8700D231CA /* GreeterKitTests */ = {
			isa = PBXGroup;
			children = (
				7A26409520D2DB8700D231CA /* GreeterKitTests.swift */,
				7A26409720D2DB8700D231CA /* Info.plist */,
			);
			path = GreeterKitTests;
			sourceTree = "<group>";
		};
		7AF065012048A44300C47059 = {
			isa = PBXGroup;
			children = (
				7AF0650C2048A44300C47059 /* Greeter */,
				7AF065212048A44400C47059 /* GreeterTests */,
				7A26407820D2DB7400D231CA /* GreeterUITests */,
				7A26408720D2DB8700D231CA /* GreeterKit */,
				7A26409420D2DB8700D231CA /* GreeterKitTests */,
				7AF0650B2048A44300C47059 /* Products */,
				5DEC364F78DF9EEF2E90658A /* Frameworks */,
				D4CD93BF198A507D9960DC3A /* Bridging-Header.h */,
			);
			sourceTree = "<group>";
		};
		7AF0650B2048A44300C47059 /* Products */ = {
			isa = PBXGroup;
			children = (
				7AF0650A2048A44300C47059 /* Greeter.app */,
				7AF0651E2048A44400C47059 /* GreeterTests.xctest */,
				7A26407720D2DB7400D231CA /* GreeterUITests.xctest */,
				7A26408620D2DB8700D231CA /* GreeterKit.framework */,
				7A26408E20D2DB8700D231CA /* GreeterKitTests.xctest */,
			);
			name = Products;
			sourceTree = "<group>";
		};
		7AF0650C2048A44300C47059 /* Greeter */ = {
			isa = PBXGroup;
			children = (
				7AF0652D2048A45600C47059 /* Greeter.swift */,
				7AF0650D2048A44300C47059 /* AppDelegate.swift */,
				7AF0650F2048A44300C47059 /* ViewController.swift */,
				7AF065112048A44300C47059 /* Main.storyboard */,
				7AF065142048A44300C47059 /* Assets.xcassets */,
				7AF065162048A44300C47059 /* LaunchScreen.storyboard */,
				7AF065192048A44400C47059 /* Info.plist */,
			);
			path = Greeter;
			sourceTree = "<group>";
		};
		7AF065212048A44400C47059 /* GreeterTests */ = {
			isa = PBXGroup;
			children = (
				7AF065222048A44400C47059 /* GreeterTests.swift */,
				7AF065242048A44400C47059 /* Info.plist */,
			);
			path = GreeterTests;
			sourceTree = "<group>";
		};
/* End PBXGroup section */

/* Begin PBXHeadersBuildPhase section */
		7A26408320D2DB8700D231CA /* Headers */ = {
			isa = PBXHeadersBuildPhase;
			buildActionMask = 2147483647;
			files = (
				7A26409820D2DB8700D231CA /* GreeterKit.h in Headers */,
			);
			runOnlyForDeploymentPostprocessing = 0;
		};
/* End PBXHeadersBuildPhase section */

/* Begin PBXNativeTarget section */
		7A26407620D2DB7400D231CA /* GreeterUITests */ = {
			isa = PBXNativeTarget;
			buildConfigurationList = 7A26407E20D2DB7400D231CA /* Build configuration list for PBXNativeTarget "GreeterUITests" */;
			buildPhases = (
				7A26407320D2DB7400D231CA /* Sources */,
				7A26407420D2DB7400D231CA /* Frameworks */,
				7A26407520D2DB7400D231CA /* Resources */,
			);
			buildRules = (
			);
			dependencies = (
				7A26407D20D2DB7400D231CA /* PBXTargetDependency */,
			);
			name = GreeterUITests;
			productName = GreeterUITests;
			productReference = 7A26407720D2DB7400D231CA /* GreeterUITests.xctest */;
			productType = "com.apple.product-type.bundle.ui-testing";
		};
		7A26408520D2DB8700D231CA /* GreeterKit */ = {
			isa = PBXNativeTarget;
			buildConfigurationList = 7A26409D20D2DB8700D231CA /* Build configuration list for PBXNativeTarget "GreeterKit" */;
			buildPhases = (
				7A26408120D2DB8700D231CA /* Sources */,
				7A26408220D2DB8700D231CA /* Frameworks */,
				7A26408320D2DB8700D231CA /* Headers */,
				7A26408420D2DB8700D231CA /* Resources */,
			);
			buildRules = (
			);
			dependencies = (
			);
			name = GreeterKit;
			productName = GreeterKit;
			productReference = 7A26408620D2DB8700D231CA /* GreeterKit.framework */;
			productType = "com.apple.product-type.framework";
		};
		7A26408D20D2DB8700D231CA /* GreeterKitTests */ = {
			isa = PBXNativeTarget;
			buildConfigurationList = 7A2640A120D2DB8700D231CA /* Build configuration list for PBXNativeTarget "GreeterKitTests" */;
			buildPhases = (
				7A26408A20D2DB8700D231CA /* Sources */,
				7A26408B20D2DB8700D231CA /* Frameworks */,
				7A26408C20D2DB8700D231CA /* Resources */,
			);
			buildRules = (
			);
			dependencies = (
				7A26409120D2DB8700D231CA /* PBXTargetDependency */,
				7A26409320D2DB8700D231CA /* PBXTargetDependency */,
			);
			name = GreeterKitTests;
			productName = GreeterKitTests;
			productReference = 7A26408E20D2DB8700D231CA /* GreeterKitTests.xctest */;
			productType = "com.apple.product-type.bundle.unit-test";
		};
		7AF065092048A44300C47059 /* Greeter */ = {
			isa = PBXNativeTarget;
			buildConfigurationList = 7AF065272048A44400C47059 /* Build configuration list for PBXNativeTarget "Greeter" */;
			buildPhases = (
				7AF065062048A44300C47059 /* Sources */,
				7AF065072048A44300C47059 /* Frameworks */,
				7AF065082048A44300C47059 /* Resources */,
				7A2640A020D2DB8700D231CA /* Embed Frameworks */,
			);
			buildRules = (
			);
			dependencies = (
				7A26409A20D2DB8700D231CA /* PBXTargetDependency */,
			);
			name = Greeter;
			productName = Greeter;
			productReference = 7AF0650A2048A44300C47059 /* Greeter.app */;
			productType = "com.apple.product-type.application";
		};
		7AF0651D2048A44400C47059 /* GreeterTests */ = {
			isa = PBXNativeTarget;
			buildConfigurationList = 7AF0652A2048A44400C47059 /* Build configuration list for PBXNativeTarget "GreeterTests" */;
			buildPhases = (
				7AF0651A2048A44400C47059 /* Sources */,
				7AF0651B2048A44400C47059 /* Frameworks */,
				7AF0651C2048A44400C47059 /* Resources */,
			);
			buildRules = (
			);
			dependencies = (
				7AF065202048A44400C47059 /* PBXTargetDependency */,
			);
			name = GreeterTests;
			productName = GreeterTests;
			productReference = 7AF0651E2048A44400C47059 /* GreeterTests.xctest */;
			productType = "com.apple.product-type.bundle.unit-test";
		};
/* End PBXNativeTarget section */

/* Begin PBXProject section */
		7AF065022048A44300C47059 /* Project object */ = {
			isa = PBXProject;
			attributes = {
				LastSwiftUpdateCheck = 0940;
				LastUpgradeCheck = 0940;
				ORGANIZATIONNAME = Buddybuild;
				TargetAttributes = {
					7A26407620D2DB7400D231CA = {
						CreatedOnToolsVersion = 9.4;
						ProvisioningStyle = Automatic;
						TestTargetID = 7AF065092048A44300C47059;
					};
					7A26408520D2DB8700D231CA = {
						CreatedOnToolsVersion = 9.4;
						ProvisioningStyle = Automatic;
					};
					7A26408D20D2DB8700D231CA = {
						CreatedOnToolsVersion = 9.4;
						ProvisioningStyle = Automatic;
						TestTargetID = 7AF065092048A44300C47059;
					};
					7AF065092048A44300C47059 = {
						CreatedOnToolsVersion = 9.2;
						ProvisioningStyle = Automatic;
					};
					7AF0651D2048A44400C47059 = {
						CreatedOnToolsVersion = 9.2;
						ProvisioningStyle = Automatic;
						TestTargetID = 7AF065092048A44300C47059;
					};
				};
			};
			buildConfigurationList = 7AF065052048A44300C47059 /* Build configuration list for PBXProject "Greeter" */;
			compatibilityVersion = "Xcode 8.0";
			developmentRegion = en;
			hasScannedForEncodings = 0;
			knownRegions = (
				en,
				Base,
			);
			mainGroup = 7AF065012048A44300C47059;
			productRefGroup = 7AF0650B2048A44300C47059 /* Products */;
			projectDirPath = "";
			projectRoot = "";
			targets = (
				7AF065092048A44300C47059 /* Greeter */,
				7AF0651D2048A44400C47059 /* GreeterTests */,
				7A26407620D2DB7400D231CA /* GreeterUITests */,
				7A26408520D2DB8700D231CA /* GreeterKit */,
				7A26408D20D2DB8700D231CA /* GreeterKitTests */,
			);
		};
/* End PBXProject section */

/* Begin PBXResourcesBuildPhase section */
		7A26407520D2DB7400D231CA /* Resources */ = {
			isa = PBXResourcesBuildPhase;
			buildActionMask = 2147483647;
			files = (
			);
			runOnlyForDeploymentPostprocessing = 0;
		};
		7A26408420D2DB8700D231CA /* Resources */ = {
			isa = PBXResourcesBuildPhase;
			buildActionMask = 2147483647;
			files = (
			);
			runOnlyForDeploymentPostprocessing = 0;
		};
		7A26408C20D2DB8700D231CA /* Resources */ = {
			isa = PBXResourcesBuildPhase;
			buildActionMask = 2147483647;
			files = (
			);
			runOnlyForDeploymentPostprocessing = 0;
		};
		7AF065082048A44300C47059 /* Resources */ = {
			isa = PBXResourcesBuildPhase;
			buildActionMask = 2147483647;
			files = (
				7AF065182048A44300C47059 /* LaunchScreen.storyboard in Resources */,
				7AF065152048A44300C47059 /* Assets.xcassets in Resources */,
				7AF065132048A44300C47059 /* Main.storyboard in Resources */,
			);
			runOnlyForDeploymentPostprocessing = 0;
		};
		7AF0651C2048A44400C47059 /* Resources */ = {
			isa = PBXResourcesBuildPhase;
			buildActionMask = 2147483647;
			files = (
			);
			runOnlyForDeploymentPostprocessing = 0;
		};
/* End PBXResourcesBuildPhase section */

/* Begin PBXSourcesBuildPhase section */
		7A26407320D2DB7400D231CA /* Sources */ = {
			isa = PBXSourcesBuildPhase;
			buildActionMask = 2147483647;
			files = (
				7A26407A20D2DB7400D231CA /* GreeterUITests.swift in Sources */,
			);
			runOnlyForDeploymentPostprocessing = 0;
		};
		7A26408120D2DB8700D231CA /* Sources */ = {
			isa = PBXSourcesBuildPhase;
			buildActionMask = 2147483647;
			files = (
			);
			runOnlyForDeploymentPostprocessing = 0;
		};
		7A26408A20D2DB8700D231CA /* Sources */ = {
			isa = PBXSourcesBuildPhase;
			buildActionMask = 2147483647;
			files = (
				7A26409620D2DB8700D231CA /* GreeterKitTests.swift in Sources */,
			);
			runOnlyForDeploymentPostprocessing = 0;
		};
		7AF065062048A44300C47059 /* Sources */ = {
			isa = PBXSourcesBuildPhase;
			buildActionMask = 2147483647;
			files = (
				7AF065102048A44300C47059 /* ViewController.swift in Sources */,
				7AF0650E2048A44300C47059 /* AppDelegate.swift in Sources */,
				7AF0652E2048A45600C47059 /* Greeter.swift in Sources */,
			);
			runOnlyForDeploymentPostprocessing = 0;
		};
		7AF0651A2048A44400C47059 /* Sources */ = {
			isa = PBXSourcesBuildPhase;
			buildActionMask = 2147483647;
			files = (
				7AF065232048A44400C47059 /* GreeterTests.swift in Sources */,
			);
			runOnlyForDeploymentPostprocessing = 0;
		};
/* End PBXSourcesBuildPhase section */

/* Begin PBXTargetDependency section */
		7A26407D20D2DB7400D231CA /* PBXTargetDependency */ = {
			isa = PBXTargetDependency;
			target = 7AF065092048A44300C47059 /* Greeter */;
			targetProxy = 7A26407C20D2DB7400D231CA /* PBXContainerItemProxy */;
		};
		7A26409120D2DB8700D231CA /* PBXTargetDependency */ = {
			isa = PBXTargetDependency;
			target = 7A26408520D2DB8700D231CA /* GreeterKit */;
			targetProxy = 7A26409020D2DB8700D231CA /* PBXContainerItemProxy */;
		};
		7A26409320D2DB8700D231CA /* PBXTargetDependency */ = {
			isa = PBXTargetDependency;
			target = 7AF065092048A44300C47059 /* Greeter */;
			targetProxy = 7A26409220D2DB8700D231CA /* PBXContainerItemProxy */;
		};
		7A26409A20D2DB8700D231CA /* PBXTargetDependency */ = {
			isa = PBXTargetDependency;
			target = 7A26408520D2DB8700D231CA /* GreeterKit */;
			targetProxy = 7A26409920D2DB8700D231CA /* PBXContainerItemProxy */;
		};
		7AF065202048A44400C47059 /* PBXTargetDependency */ = {
			isa = PBXTargetDependency;
			target = 7AF065092048A44300C47059 /* Greeter */;
			targetProxy = 7AF0651F2048A44400C47059 /* PBXContainerItemProxy */;
		};
/* End PBXTargetDependency section */

/* Begin PBXVariantGroup section */
		7AF065112048A44300C47059 /* Main.storyboard */ = {
			isa = PBXVariantGroup;
			children = (
				7AF065122048A44300C47059 /* Base */,
			);
			name = Main.storyboard;
			sourceTree = "<group>";
		};
		7AF065162048A44300C47059 /* LaunchScreen.storyboard */ = {
			isa = PBXVariantGroup;
			children = (
				7AF065172048A44300C47059 /* Base */,
			);
			name = LaunchScreen.storyboard;
			sourceTree = "<group>";
		};
/* End PBXVariantGroup section */

/* Begin XCBuildConfiguration section */
		7A26407F20D2DB7400D231CA /* Debug */ = {
			isa = XCBuildConfiguration;
			buildSettings = {
				CLANG_ENABLE_OBJC_WEAK = YES;
				CODE_SIGN_STYLE = Automatic;
				DEVELOPMENT_TEAM = 8VS9JKFDZS;
				INFOPLIST_FILE = GreeterUITests/Info.plist;
				IPHONEOS_DEPLOYMENT_TARGET = 11.4;
				LD_RUNPATH_SEARCH_PATHS = "$(inherited) @executable_path/Frameworks @loader_path/Frameworks";
				PRODUCT_BUNDLE_IDENTIFIER = com.buddybuild.GreeterUITests;
				PRODUCT_NAME = "$(TARGET_NAME)";
				SWIFT_VERSION = 4.0;
				TARGETED_DEVICE_FAMILY = "1,2";
				TEST_TARGET_NAME = Greeter;
			};
			name = Debug;
		};
		7A26408020D2DB7400D231CA /* Release */ = {
			isa = XCBuildConfiguration;
			buildSettings = {
				CLANG_ENABLE_OBJC_WEAK = YES;
				CODE_SIGN_STYLE = Automatic;
				DEVELOPMENT_TEAM = 8VS9JKFDZS;
				INFOPLIST_FILE = GreeterUITests/Info.plist;
				IPHONEOS_DEPLOYMENT_TARGET = 11.4;
				LD_RUNPATH_SEARCH_PATHS = "$(inherited) @executable_path/Frameworks @loader_path/Frameworks";
				PRODUCT_BUNDLE_IDENTIFIER = com.buddybuild.GreeterUITests;
				PRODUCT_NAME = "$(TARGET_NAME)";
				SWIFT_VERSION = 4.0;
				TARGETED_DEVICE_FAMILY = "1,2";
				TEST_TARGET_NAME = Greeter;
			};
			name = Release;
		};
		7A26409E20D2DB8700D231CA /* Debug */ = {
			isa = XCBuildConfiguration;
			buildSettings = {
				CLANG_ENABLE_OBJC_WEAK = YES;
				CODE_SIGN_IDENTITY = "";
				CODE_SIGN_STYLE = Automatic;
				CURRENT_PROJECT_VERSION = 1;
				DEFINES_MODULE = YES;
				DEVELOPMENT_TEAM = 8VS9JKFDZS;
				DYLIB_COMPATIBILITY_VERSION = 1;
				DYLIB_CURRENT_VERSION = 1;
				DYLIB_INSTALL_NAME_BASE = "@rpath";
				ENABLE_BITCODE = NO;
				INFOPLIST_FILE = GreeterKit/Info.plist;
				INSTALL_PATH = "$(LOCAL_LIBRARY_DIR)/Frameworks";
				IPHONEOS_DEPLOYMENT_TARGET = 11.4;
				LD_RUNPATH_SEARCH_PATHS = "$(inherited) @executable_path/Frameworks @loader_path/Frameworks";
				PRODUCT_BUNDLE_IDENTIFIER = com.buddybuild.GreeterKit;
				PRODUCT_NAME = "$(TARGET_NAME:c99extidentifier)";
				SKIP_INSTALL = YES;
				SWIFT_VERSION = 4.0;
				TARGETED_DEVICE_FAMILY = "1,2";
				VERSIONING_SYSTEM = "apple-generic";
				VERSION_INFO_PREFIX = "";
			};
			name = Debug;
		};
		7A26409F20D2DB8700D231CA /* Release */ = {
			isa = XCBuildConfiguration;
			buildSettings = {
				CLANG_ENABLE_OBJC_WEAK = YES;
				CODE_SIGN_IDENTITY = "";
				CODE_SIGN_STYLE = Automatic;
				CURRENT_PROJECT_VERSION = 1;
				DEFINES_MODULE = YES;
				DEVELOPMENT_TEAM = 8VS9JKFDZS;
				DYLIB_COMPATIBILITY_VERSION = 1;
				DYLIB_CURRENT_VERSION = 1;
				DYLIB_INSTALL_NAME_BASE = "@rpath";
				ENABLE_BITCODE = NO;
				INFOPLIST_FILE = GreeterKit/Info.plist;
				INSTALL_PATH = "$(LOCAL_LIBRARY_DIR)/Frameworks";
				IPHONEOS_DEPLOYMENT_TARGET = 11.4;
				LD_RUNPATH_SEARCH_PATHS = "$(inherited) @executable_path/Frameworks @loader_path/Frameworks";
				PRODUCT_BUNDLE_IDENTIFIER = com.buddybuild.GreeterKit;
				PRODUCT_NAME = "$(TARGET_NAME:c99extidentifier)";
				SKIP_INSTALL = YES;
				SWIFT_VERSION = 4.0;
				TARGETED_DEVICE_FAMILY = "1,2";
				VERSIONING_SYSTEM = "apple-generic";
				VERSION_INFO_PREFIX = "";
			};
			name = Release;
		};
		7A2640A220D2DB8700D231CA /* Debug */ = {
			isa = XCBuildConfiguration;
			buildSettings = {
				ALWAYS_EMBED_SWIFT_STANDARD_LIBRARIES = YES;
				CLANG_ENABLE_OBJC_WEAK = YES;
				CODE_SIGN_STYLE = Automatic;
				DEVELOPMENT_TEAM = 8VS9JKFDZS;
				INFOPLIST_FILE = GreeterKitTests/Info.plist;
				IPHONEOS_DEPLOYMENT_TARGET = 11.4;
				LD_RUNPATH_SEARCH_PATHS = "$(inherited) @executable_path/Frameworks @loader_path/Frameworks";
				PRODUCT_BUNDLE_IDENTIFIER = com.buddybuild.GreeterKitTests;
				PRODUCT_NAME = "$(TARGET_NAME)";
				SWIFT_VERSION = 4.0;
				TARGETED_DEVICE_FAMILY = "1,2";
				TEST_HOST = "$(BUILT_PRODUCTS_DIR)/Greeter.app/Greeter";
			};
			name = Debug;
		};
		7A2640A320D2DB8700D231CA /* Release */ = {
			isa = XCBuildConfiguration;
			buildSettings = {
				ALWAYS_EMBED_SWIFT_STANDARD_LIBRARIES = YES;
				CLANG_ENABLE_OBJC_WEAK = YES;
				CODE_SIGN_STYLE = Automatic;
				DEVELOPMENT_TEAM = 8VS9JKFDZS;
				INFOPLIST_FILE = GreeterKitTests/Info.plist;
				IPHONEOS_DEPLOYMENT_TARGET = 11.4;
				LD_RUNPATH_SEARCH_PATHS = "$(inherited) @executable_path/Frameworks @loader_path/Frameworks";
				PRODUCT_BUNDLE_IDENTIFIER = com.buddybuild.GreeterKitTests;
				PRODUCT_NAME = "$(TARGET_NAME)";
				SWIFT_VERSION = 4.0;
				TARGETED_DEVICE_FAMILY = "1,2";
				TEST_HOST = "$(BUILT_PRODUCTS_DIR)/Greeter.app/Greeter";
			};
			name = Release;
		};
		7AF065252048A44400C47059 /* Debug */ = {
			isa = XCBuildConfiguration;
			buildSettings = {
				ALWAYS_SEARCH_USER_PATHS = NO;
				CLANG_ANALYZER_NONNULL = YES;
				CLANG_ANALYZER_NUMBER_OBJECT_CONVERSION = YES_AGGRESSIVE;
				CLANG_CXX_LANGUAGE_STANDARD = "gnu++14";
				CLANG_CXX_LIBRARY = "libc++";
				CLANG_ENABLE_MODULES = YES;
				CLANG_ENABLE_OBJC_ARC = YES;
				CLANG_WARN_BLOCK_CAPTURE_AUTORELEASING = YES;
				CLANG_WARN_BOOL_CONVERSION = YES;
				CLANG_WARN_COMMA = YES;
				CLANG_WARN_CONSTANT_CONVERSION = YES;
				CLANG_WARN_DEPRECATED_OBJC_IMPLEMENTATIONS = YES;
				CLANG_WARN_DIRECT_OBJC_ISA_USAGE = YES_ERROR;
				CLANG_WARN_DOCUMENTATION_COMMENTS = YES;
				CLANG_WARN_EMPTY_BODY = YES;
				CLANG_WARN_ENUM_CONVERSION = YES;
				CLANG_WARN_INFINITE_RECURSION = YES;
				CLANG_WARN_INT_CONVERSION = YES;
				CLANG_WARN_NON_LITERAL_NULL_CONVERSION = YES;
				CLANG_WARN_OBJC_IMPLICIT_RETAIN_SELF = YES;
				CLANG_WARN_OBJC_LITERAL_CONVERSION = YES;
				CLANG_WARN_OBJC_ROOT_CLASS = YES_ERROR;
				CLANG_WARN_RANGE_LOOP_ANALYSIS = YES;
				CLANG_WARN_STRICT_PROTOTYPES = YES;
				CLANG_WARN_SUSPICIOUS_MOVE = YES;
				CLANG_WARN_UNGUARDED_AVAILABILITY = YES_AGGRESSIVE;
				CLANG_WARN_UNREACHABLE_CODE = YES;
				CLANG_WARN__DUPLICATE_METHOD_MATCH = YES;
				CODE_SIGN_IDENTITY = "iPhone Developer";
				COPY_PHASE_STRIP = NO;
				DEBUG_INFORMATION_FORMAT = dwarf;
				ENABLE_STRICT_OBJC_MSGSEND = YES;
				ENABLE_TESTABILITY = YES;
				GCC_C_LANGUAGE_STANDARD = gnu11;
				GCC_DYNAMIC_NO_PIC = NO;
				GCC_NO_COMMON_BLOCKS = YES;
				GCC_OPTIMIZATION_LEVEL = 0;
				GCC_PREPROCESSOR_DEFINITIONS = (
					"DEBUG=1",
					"$(inherited)",
				);
				GCC_WARN_64_TO_32_BIT_CONVERSION = YES;
				GCC_WARN_ABOUT_RETURN_TYPE = YES_ERROR;
				GCC_WARN_UNDECLARED_SELECTOR = YES;
				GCC_WARN_UNINITIALIZED_AUTOS = YES_AGGRESSIVE;
				GCC_WARN_UNUSED_FUNCTION = YES;
				GCC_WARN_UNUSED_VARIABLE = YES;
				IPHONEOS_DEPLOYMENT_TARGET = 11.2;
				MTL_ENABLE_DEBUG_INFO = YES;
				ONLY_ACTIVE_ARCH = YES;
				SDKROOT = iphoneos;
				SWIFT_ACTIVE_COMPILATION_CONDITIONS = DEBUG;
				SWIFT_OPTIMIZATION_LEVEL = "-Onone";
			};
			name = Debug;
		};
		7AF065262048A44400C47059 /* Release */ = {
			isa = XCBuildConfiguration;
			buildSettings = {
				ALWAYS_SEARCH_USER_PATHS = NO;
				CLANG_ANALYZER_NONNULL = YES;
				CLANG_ANALYZER_NUMBER_OBJECT_CONVERSION = YES_AGGRESSIVE;
				CLANG_CXX_LANGUAGE_STANDARD = "gnu++14";
				CLANG_CXX_LIBRARY = "libc++";
				CLANG_ENABLE_MODULES = YES;
				CLANG_ENABLE_OBJC_ARC = YES;
				CLANG_WARN_BLOCK_CAPTURE_AUTORELEASING = YES;
				CLANG_WARN_BOOL_CONVERSION = YES;
				CLANG_WARN_COMMA = YES;
				CLANG_WARN_CONSTANT_CONVERSION = YES;
				CLANG_WARN_DEPRECATED_OBJC_IMPLEMENTATIONS = YES;
				CLANG_WARN_DIRECT_OBJC_ISA_USAGE = YES_ERROR;
				CLANG_WARN_DOCUMENTATION_COMMENTS = YES;
				CLANG_WARN_EMPTY_BODY = YES;
				CLANG_WARN_ENUM_CONVERSION = YES;
				CLANG_WARN_INFINITE_RECURSION = YES;
				CLANG_WARN_INT_CONVERSION = YES;
				CLANG_WARN_NON_LITERAL_NULL_CONVERSION = YES;
				CLANG_WARN_OBJC_IMPLICIT_RETAIN_SELF = YES;
				CLANG_WARN_OBJC_LITERAL_CONVERSION = YES;
				CLANG_WARN_OBJC_ROOT_CLASS = YES_ERROR;
				CLANG_WARN_RANGE_LOOP_ANALYSIS = YES;
				CLANG_WARN_STRICT_PROTOTYPES = YES;
				CLANG_WARN_SUSPICIOUS_MOVE = YES;
				CLANG_WARN_UNGUARDED_AVAILABILITY = YES_AGGRESSIVE;
				CLANG_WARN_UNREACHABLE_CODE = YES;
				CLANG_WARN__DUPLICATE_METHOD_MATCH = YES;
				CODE_SIGN_IDENTITY = "iPhone Developer";
				COPY_PHASE_STRIP = NO;
				DEBUG_INFORMATION_FORMAT = "dwarf-with-dsym";
				ENABLE_NS_ASSERTIONS = NO;
				ENABLE_STRICT_OBJC_MSGSEND = YES;
				GCC_C_LANGUAGE_STANDARD = gnu11;
				GCC_NO_COMMON_BLOCKS = YES;
				GCC_WARN_64_TO_32_BIT_CONVERSION = YES;
				GCC_WARN_ABOUT_RETURN_TYPE = YES_ERROR;
				GCC_WARN_UNDECLARED_SELECTOR = YES;
				GCC_WARN_UNINITIALIZED_AUTOS = YES_AGGRESSIVE;
				GCC_WARN_UNUSED_FUNCTION = YES;
				GCC_WARN_UNUSED_VARIABLE = YES;
				IPHONEOS_DEPLOYMENT_TARGET = 11.2;
				MTL_ENABLE_DEBUG_INFO = NO;
				SDKROOT = iphoneos;
				SWIFT_OPTIMIZATION_LEVEL = "-Owholemodule";
				VALIDATE_PRODUCT = YES;
			};
			name = Release;
		};
		7AF065282048A44400C47059 /* Debug */ = {
			isa = XCBuildConfiguration;
			buildSettings = {
				ASSETCATALOG_COMPILER_APPICON_NAME = AppIcon;
				ASSETCATALOG_COMPILER_LAUNCHIMAGE_NAME = "LaunchImage-2";
				CODE_SIGN_STYLE = Automatic;
				DEVELOPMENT_TEAM = 8VS9JKFDZS;
				ENABLE_BITCODE = NO;
				FRAMEWORK_SEARCH_PATHS = (
					"$(inherited)",
					"$(PROJECT_DIR)",
				);
				INFOPLIST_FILE = Greeter/Info.plist;
				LD_RUNPATH_SEARCH_PATHS = "$(inherited) @executable_path/Frameworks";
				PRODUCT_BUNDLE_IDENTIFIER = "com.perfectly-cooked.buddybuild.Greeter";
				PRODUCT_NAME = "$(TARGET_NAME)";
				SWIFT_OBJC_BRIDGING_HEADER = "Bridging-Header.h";
				SWIFT_VERSION = 4.0;
				TARGETED_DEVICE_FAMILY = 1;
			};
			name = Debug;
		};
		7AF065292048A44400C47059 /* Release */ = {
			isa = XCBuildConfiguration;
			buildSettings = {
				ASSETCATALOG_COMPILER_APPICON_NAME = AppIcon;
				ASSETCATALOG_COMPILER_LAUNCHIMAGE_NAME = "LaunchImage-2";
				CODE_SIGN_STYLE = Automatic;
				DEVELOPMENT_TEAM = 8VS9JKFDZS;
				ENABLE_BITCODE = NO;
				FRAMEWORK_SEARCH_PATHS = (
					"$(inherited)",
					"$(PROJECT_DIR)",
				);
				INFOPLIST_FILE = Greeter/Info.plist;
				LD_RUNPATH_SEARCH_PATHS = "$(inherited) @executable_path/Frameworks";
				PRODUCT_BUNDLE_IDENTIFIER = "com.perfectly-cooked.buddybuild.Greeter";
				PRODUCT_NAME = "$(TARGET_NAME)";
				SWIFT_OBJC_BRIDGING_HEADER = "Bridging-Header.h";
				SWIFT_VERSION = 4.0;
				TARGETED_DEVICE_FAMILY = 1;
			};
			name = Release;
		};
		7AF0652B2048A44400C47059 /* Debug */ = {
			isa = XCBuildConfiguration;
			buildSettings = {
				ALWAYS_EMBED_SWIFT_STANDARD_LIBRARIES = YES;
				BUNDLE_LOADER = "$(TEST_HOST)";
				CODE_SIGN_STYLE = Automatic;
				DEVELOPMENT_TEAM = 8VS9JKFDZS;
				INFOPLIST_FILE = GreeterTests/Info.plist;
				LD_RUNPATH_SEARCH_PATHS = "$(inherited) @executable_path/Frameworks @loader_path/Frameworks";
				PRODUCT_BUNDLE_IDENTIFIER = com.buddybuild.GreeterTests;
				PRODUCT_NAME = "$(TARGET_NAME)";
				SWIFT_VERSION = 4.0;
				TARGETED_DEVICE_FAMILY = "1,2";
				TEST_HOST = "$(BUILT_PRODUCTS_DIR)/Greeter.app/Greeter";
			};
			name = Debug;
		};
		7AF0652C2048A44400C47059 /* Release */ = {
			isa = XCBuildConfiguration;
			buildSettings = {
				ALWAYS_EMBED_SWIFT_STANDARD_LIBRARIES = YES;
				BUNDLE_LOADER = "$(TEST_HOST)";
				CODE_SIGN_STYLE = Automatic;
				DEVELOPMENT_TEAM = 8VS9JKFDZS;
				INFOPLIST_FILE = GreeterTests/Info.plist;
				LD_RUNPATH_SEARCH_PATHS = "$(inherited) @executable_path/Frameworks @loader_path/Frameworks";
				PRODUCT_BUNDLE_IDENTIFIER = com.buddybuild.GreeterTests;
				PRODUCT_NAME = "$(TARGET_NAME)";
				SWIFT_VERSION = 4.0;
				TARGETED_DEVICE_FAMILY = "1,2";
				TEST_HOST = "$(BUILT_PRODUCTS_DIR)/Greeter.app/Greeter";
			};
			name = Release;
		};
/* End XCBuildConfiguration section */

/* Begin XCConfigurationList section */
		7A26407E20D2DB7400D231CA /* Build configuration list for PBXNativeTarget "GreeterUITests" */ = {
			isa = XCConfigurationList;
			buildConfigurations = (
				7A26407F20D2DB7400D231CA /* Debug */,
				7A26408020D2DB7400D231CA /* Release */,
			);
			defaultConfigurationIsVisible = 0;
			defaultConfigurationName = Release;
		};
		7A26409D20D2DB8700D231CA /* Build configuration list for PBXNativeTarget "GreeterKit" */ = {
			isa = XCConfigurationList;
			buildConfigurations = (
				7A26409E20D2DB8700D231CA /* Debug */,
				7A26409F20D2DB8700D231CA /* Release */,
			);
			defaultConfigurationIsVisible = 0;
			defaultConfigurationName = Release;
		};
		7A2640A120D2DB8700D231CA /* Build configuration list for PBXNativeTarget "GreeterKitTests" */ = {
			isa = XCConfigurationList;
			buildConfigurations = (
				7A2640A220D2DB8700D231CA /* Debug */,
				7A2640A320D2DB8700D231CA /* Release */,
			);
			defaultConfigurationIsVisible = 0;
			defaultConfigurationName = Release;
		};
		7AF065052048A44300C47059 /* Build configuration list for PBXProject "Greeter" */ = {
			isa = XCConfigurationList;
			buildConfigurations = (
				7AF065252048A44400C47059 /* Debug */,
				7AF065262048A44400C47059 /* Release */,
			);
			defaultConfigurationIsVisible = 0;
			defaultConfigurationName = Release;
		};
		7AF065272048A44400C47059 /* Build configuration list for PBXNativeTarget "Greeter" */ = {
			isa = XCConfigurationList;
			buildConfigurations = (
				7AF065282048A44400C47059 /* Debug */,
				7AF065292048A44400C47059 /* Release */,
			);
			defaultConfigurationIsVisible = 0;
			defaultConfigurationName = Release;
		};
		7AF0652A2048A44400C47059 /* Build configuration list for PBXNativeTarget "GreeterTests" */ = {
			isa = XCConfigurationList;
			buildConfigurations = (
				7AF0652B2048A44400C47059 /* Debug */,
				7AF0652C2048A44400C47059 /* Release */,
			);
			defaultConfigurationIsVisible = 0;
			defaultConfigurationName = Release;
		};
/* End XCConfigurationList section */
	};
	rootObject = 7AF065022048A44300C47059 /* Project object */;
}
